# THIS IS AN AUTOGENERATED FILE. DO NOT EDIT THIS FILE DIRECTLY.
# yarn lockfile v1


"@react-navigation/core@^7.12.4":
  version "7.12.4"
  resolved "https://registry.yarnpkg.com/@react-navigation/core/-/core-7.12.4.tgz#73cc4c0989455c93bf21d7aeecc89d3a7006ccde"
  integrity sha512-xLFho76FA7v500XID5z/8YfGTvjQPw7/fXsq4BIrVSqetNe/o/v+KAocEw4ots6kyv3XvSTyiWKh2g3pN6xZ9Q==
  dependencies:
    "@react-navigation/routers" "^7.5.1"
    escape-string-regexp "^4.0.0"
    nanoid "^3.3.11"
    query-string "^7.1.3"
    react-is "^19.1.0"
    use-latest-callback "^0.2.4"
    use-sync-external-store "^1.5.0"

"@react-navigation/native@^7.1.18":
  version "7.1.18"
  resolved "https://registry.yarnpkg.com/@react-navigation/native/-/native-7.1.18.tgz#dc768403c5dfef13b0791fd546eaa213e0d879a5"
  integrity sha512-DZgd6860dxcq3YX7UzIXeBr6m3UgXvo9acxp5jiJyIZXdR00Br9JwVkO7e0bUeTA2d3Z8dsmtAR84Y86NnH64Q==
  dependencies:
    "@react-navigation/core" "^7.12.4"
    escape-string-regexp "^4.0.0"
    fast-deep-equal "^3.1.3"
    nanoid "^3.3.11"
    use-latest-callback "^0.2.4"

"@react-navigation/routers@^7.5.1":
  version "7.5.1"
  resolved "https://registry.yarnpkg.com/@react-navigation/routers/-/routers-7.5.1.tgz#b8f6e9b491fdc1bc7164fdac4fa4faa82f397daf"
  integrity sha512-pxipMW/iEBSUrjxz2cDD7fNwkqR4xoi0E/PcfTQGCcdJwLoaxzab5kSadBLj1MTJyT0YRrOXL9umHpXtp+Dv4w==
  dependencies:
    nanoid "^3.3.11"

decode-uri-component@^0.2.2:
  version "0.2.2"
  resolved "https://registry.yarnpkg.com/decode-uri-component/-/decode-uri-component-0.2.2.tgz#e69dbe25d37941171dd540e024c444cd5188e1e9"
  integrity sha512-FqUYQ+8o158GyGTrMFJms9qh3CqTKvAqgqsTnkLI8sKu0028orqBhxNMFkFen0zGyg6epACD32pjVk58ngIErQ==

escape-string-regexp@^4.0.0:
  version "4.0.0"
  resolved "https://registry.yarnpkg.com/escape-string-regexp/-/escape-string-regexp-4.0.0.tgz#14ba83a5d373e3d311e5afca29cf5bfad965bf34"
  integrity sha512-TtpcNJ3XAzx3Gq8sWRzJaVajRs0uVxA2YAkdb1jm2YkPz4G6egUFAyA3n5vtEIZefPk5Wa4UXbKuS5fKkJWdgA==

fast-deep-equal@^3.1.3:
  version "3.1.3"
  resolved "https://registry.yarnpkg.com/fast-deep-equal/-/fast-deep-equal-3.1.3.tgz#3a7d56b559d6cbc3eb512325244e619a65c6c525"
  integrity sha512-f3qQ9oQy9j2AhBe/H9VC91wLmKBCCU/gDOnKNAYG5hswO7BLKj09Hc5HYNz9cGI++xlpDCIgDaitVs03ATR84Q==

filter-obj@^1.1.0:
  version "1.1.0"
  resolved "https://registry.yarnpkg.com/filter-obj/-/filter-obj-1.1.0.tgz#9b311112bc6c6127a16e016c6c5d7f19e0805c5b"
  integrity sha512-8rXg1ZnX7xzy2NGDVkBVaAy+lSlPNwad13BtgSlLuxfIslyt5Vg64U7tFcCt4WS1R0hvtnQybT/IyCkGZ3DpXQ==

nanoid@^3.3.11:
  version "3.3.11"
  resolved "https://registry.yarnpkg.com/nanoid/-/nanoid-3.3.11.tgz#4f4f112cefbe303202f2199838128936266d185b"
  integrity sha512-N8SpfPUnUp1bK+PMYW8qSWdl9U+wwNWI4QKxOYDy9JAro3WMX7p2OeVRF9v+347pnakNevPmiHhNmZ2HbFA76w==

query-string@^7.1.3:
  version "7.1.3"
  resolved "https://registry.yarnpkg.com/query-string/-/query-string-7.1.3.tgz#a1cf90e994abb113a325804a972d98276fe02328"
  integrity sha512-hh2WYhq4fi8+b+/2Kg9CEge4fDPvHS534aOOvOZeQ3+Vf2mCFsaFBYj0i+iXcAq6I9Vzp5fjMFBlONvayDC1qg==
  dependencies:
    decode-uri-component "^0.2.2"
    filter-obj "^1.1.0"
    split-on-first "^1.0.0"
    strict-uri-encode "^2.0.0"

react-is@^19.1.0:
  version "19.2.0"
  resolved "https://registry.yarnpkg.com/react-is/-/react-is-19.2.0.tgz#ddc3b4a4e0f3336c3847f18b806506388d7b9973"
  integrity sha512-x3Ax3kNSMIIkyVYhWPyO09bu0uttcAIoecO/um/rKGQ4EltYWVYtyiGkS/3xMynrbVQdS69Jhlv8FXUEZehlzA==

split-on-first@^1.0.0:
  version "1.1.0"
  resolved "https://registry.yarnpkg.com/split-on-first/-/split-on-first-1.1.0.tgz#f610afeee3b12bce1d0c30425e76398b78249a5f"
  integrity sha512-43ZssAJaMusuKWL8sKUBQXHWOpq8d6CfN/u1p4gUzfJkM05C8rxTmYrkIPTXapZpORA6LkkzcUulJ8FqA7Uudw==

strict-uri-encode@^2.0.0:
  version "2.0.0"
  resolved "https://registry.yarnpkg.com/strict-uri-encode/-/strict-uri-encode-2.0.0.tgz#b9c7330c7042862f6b142dc274bbcc5866ce3546"
  integrity sha512-QwiXZgpRcKkhTj2Scnn++4PKtWsH0kpzZ62L2R6c/LUVYv7hVnZqcg2+sMuT6R7Jusu1vviK/MFsu6kNJfWlEQ==

use-latest-callback@^0.2.4:
  version "0.2.5"
  resolved "https://registry.yarnpkg.com/use-latest-callback/-/use-latest-callback-0.2.5.tgz#72a36d17ba6948f923d27ebf05a5c415d61a4b2f"
  integrity sha512-TXEBT/M2zOFrS7t3EpxZIaYsEVod34ctrq2gDDV6Dr1KfFIy+sA++5KKpu2AkM3iIFqopPGe5C3IMQk6yqFFWw==

use-sync-external-store@^1.5.0:
  version "1.6.0"
  resolved "https://registry.yarnpkg.com/use-sync-external-store/-/use-sync-external-store-1.6.0.tgz#b174bfa65cb2b526732d9f2ac0a408027876f32d"
  integrity sha512-Pp6GSwGP/NrPIrxVFAIkOQeyw8lFenOHijQWkUTrDvrF4ALqylP2C/KCkeS9dpUM3KvYRQhna5vt7IL95+ZQ9w==
